// !$*UTF8*$!
{
	archiveVersion = 1;
	classes = {
	};
	objectVersion = 46;
	objects = {

/* Begin PBXBuildFile section */
		6A04494F1AE1DA030060D933 /* AppDelegate.m in Sources */ = {isa = PBXBuildFile; fileRef = 6A04494E1AE1DA030060D933 /* AppDelegate.m */; };
		6A0449511AE1DA570060D933 /* ContactBaseTableViewController.m in Sources */ = {isa = PBXBuildFile; fileRef = 6A0449501AE1DA570060D933 /* ContactBaseTableViewController.m */; };
		6A0449551AE1DA750060D933 /* ContactPerson.m in Sources */ = {isa = PBXBuildFile; fileRef = 6A0449541AE1DA750060D933 /* ContactPerson.m */; };
		6A0449581AE1DA880060D933 /* ContactDetailViewController.m in Sources */ = {isa = PBXBuildFile; fileRef = 6A0449571AE1DA880060D933 /* ContactDetailViewController.m */; };
		6A04496E1AE1DA940060D933 /* ContactDetailViewController.xib in Resources */ = {isa = PBXBuildFile; fileRef = 6A0449591AE1DA940060D933 /* ContactDetailViewController.xib */; };
		6A04496F1AE1DA940060D933 /* ContactTableViewCell.m in Sources */ = {isa = PBXBuildFile; fileRef = 6A04495B1AE1DA940060D933 /* ContactTableViewCell.m */; };
		6A0449701AE1DA940060D933 /* ContactTableViewCell.xib in Resources */ = {isa = PBXBuildFile; fileRef = 6A04495C1AE1DA940060D933 /* ContactTableViewCell.xib */; };
		6A0449711AE1DA940060D933 /* CustomUtility.m in Sources */ = {isa = PBXBuildFile; fileRef = 6A04495E1AE1DA940060D933 /* CustomUtility.m */; };
		6A0449721AE1DA940060D933 /* EMContactMainViewController.m in Sources */ = {isa = PBXBuildFile; fileRef = 6A0449601AE1DA940060D933 /* EMContactMainViewController.m */; };
		6A0449731AE1DA940060D933 /* EMContactSelctViewController.m in Sources */ = {isa = PBXBuildFile; fileRef = 6A0449621AE1DA940060D933 /* EMContactSelctViewController.m */; };
		6A0449741AE1DA940060D933 /* HeadPhones.m in Sources */ = {isa = PBXBuildFile; fileRef = 6A0449641AE1DA940060D933 /* HeadPhones.m */; };
		6A0449751AE1DA940060D933 /* MessageViewController.m in Sources */ = {isa = PBXBuildFile; fileRef = 6A0449661AE1DA940060D933 /* MessageViewController.m */; };
		6A0449761AE1DA940060D933 /* MessageViewController.xib in Resources */ = {isa = PBXBuildFile; fileRef = 6A0449671AE1DA940060D933 /* MessageViewController.xib */; };
		6A0449771AE1DA940060D933 /* ResultsViewController.m in Sources */ = {isa = PBXBuildFile; fileRef = 6A0449691AE1DA940060D933 /* ResultsViewController.m */; };
		6A0449781AE1DA940060D933 /* SettingsTableViewController.m in Sources */ = {isa = PBXBuildFile; fileRef = 6A04496B1AE1DA940060D933 /* SettingsTableViewController.m */; };
		6A0449791AE1DA940060D933 /* ViewController.m in Sources */ = {isa = PBXBuildFile; fileRef = 6A04496D1AE1DA940060D933 /* ViewController.m */; };
		6A0688AE1AF9A51500EE9456 /* Fabric.framework in Frameworks */ = {isa = PBXBuildFile; fileRef = 6A0688AC1AF9A51500EE9456 /* Fabric.framework */; };
		6A0688AF1AF9A51500EE9456 /* Crashlytics.framework in Frameworks */ = {isa = PBXBuildFile; fileRef = 6A0688AD1AF9A51500EE9456 /* Crashlytics.framework */; };
		6A43A84C1AE1D2E800888E04 /* main.m in Sources */ = {isa = PBXBuildFile; fileRef = 6A43A84B1AE1D2E800888E04 /* main.m */; };
		6A43A8551AE1D2E800888E04 /* Main.storyboard in Resources */ = {isa = PBXBuildFile; fileRef = 6A43A8531AE1D2E800888E04 /* Main.storyboard */; };
		6A43A8571AE1D2E800888E04 /* Images.xcassets in Resources */ = {isa = PBXBuildFile; fileRef = 6A43A8561AE1D2E800888E04 /* Images.xcassets */; };
		6A43A85A1AE1D2E800888E04 /* LaunchScreen.xib in Resources */ = {isa = PBXBuildFile; fileRef = 6A43A8581AE1D2E800888E04 /* LaunchScreen.xib */; };
		6A43A8661AE1D2E800888E04 /* NewAlertAppTests.m in Sources */ = {isa = PBXBuildFile; fileRef = 6A43A8651AE1D2E800888E04 /* NewAlertAppTests.m */; };
		6AB87FB51AEB4BB7004B1B05 /* CoreLocation.framework in Frameworks */ = {isa = PBXBuildFile; fileRef = 6AB87FB41AEB4BB7004B1B05 /* CoreLocation.framework */; };
		6AB87FB71AEB4BBF004B1B05 /* AddressBook.framework in Frameworks */ = {isa = PBXBuildFile; fileRef = 6AB87FB61AEB4BBF004B1B05 /* AddressBook.framework */; };
/* End PBXBuildFile section */

/* Begin PBXContainerItemProxy section */
		6A43A8601AE1D2E800888E04 /* PBXContainerItemProxy */ = {
			isa = PBXContainerItemProxy;
			containerPortal = 6A43A83E1AE1D2E800888E04 /* Project object */;
			proxyType = 1;
			remoteGlobalIDString = 6A43A8451AE1D2E800888E04;
			remoteInfo = NewAlertApp;
		};
/* End PBXContainerItemProxy section */

/* Begin PBXFileReference section */
		6A04494D1AE1D9FC0060D933 /* AppDelegate.h */ = {isa = PBXFileReference; lastKnownFileType = sourcecode.c.h; name = AppDelegate.h; path = ../AppDelegate.h; sourceTree = "<group>"; };
		6A04494E1AE1DA030060D933 /* AppDelegate.m */ = {isa = PBXFileReference; fileEncoding = 4; lastKnownFileType = sourcecode.c.objc; name = AppDelegate.m; path = ../AppDelegate.m; sourceTree = "<group>"; };
		6A0449501AE1DA570060D933 /* ContactBaseTableViewController.m */ = {isa = PBXFileReference; fileEncoding = 4; lastKnownFileType = sourcecode.c.objc; name = ContactBaseTableViewController.m; path = ../ContactBaseTableViewController.m; sourceTree = "<group>"; };
		6A0449521AE1DA610060D933 /* ContactBaseTableViewController.h */ = {isa = PBXFileReference; lastKnownFileType = sourcecode.c.h; name = ContactBaseTableViewController.h; path = ../ContactBaseTableViewController.h; sourceTree = "<group>"; };
		6A0449531AE1DA750060D933 /* ContactPerson.h */ = {isa = PBXFileReference; fileEncoding = 4; lastKnownFileType = sourcecode.c.h; name = ContactPerson.h; path = ../ContactPerson.h; sourceTree = "<group>"; };
		6A0449541AE1DA750060D933 /* ContactPerson.m */ = {isa = PBXFileReference; fileEncoding = 4; lastKnownFileType = sourcecode.c.objc; name = ContactPerson.m; path = ../ContactPerson.m; sourceTree = "<group>"; };
		6A0449561AE1DA880060D933 /* ContactDetailViewController.h */ = {isa = PBXFileReference; fileEncoding = 4; lastKnownFileType = sourcecode.c.h; name = ContactDetailViewController.h; path = ../ContactDetailViewController.h; sourceTree = "<group>"; };
		6A0449571AE1DA880060D933 /* ContactDetailViewController.m */ = {isa = PBXFileReference; fileEncoding = 4; lastKnownFileType = sourcecode.c.objc; name = ContactDetailViewController.m; path = ../ContactDetailViewController.m; sourceTree = "<group>"; };
		6A0449591AE1DA940060D933 /* ContactDetailViewController.xib */ = {isa = PBXFileReference; fileEncoding = 4; lastKnownFileType = file.xib; name = ContactDetailViewController.xib; path = ../ContactDetailViewController.xib; sourceTree = "<group>"; };
		6A04495A1AE1DA940060D933 /* ContactTableViewCell.h */ = {isa = PBXFileReference; fileEncoding = 4; lastKnownFileType = sourcecode.c.h; name = ContactTableViewCell.h; path = ../ContactTableViewCell.h; sourceTree = "<group>"; };
		6A04495B1AE1DA940060D933 /* ContactTableViewCell.m */ = {isa = PBXFileReference; fileEncoding = 4; lastKnownFileType = sourcecode.c.objc; name = ContactTableViewCell.m; path = ../ContactTableViewCell.m; sourceTree = "<group>"; };
		6A04495C1AE1DA940060D933 /* ContactTableViewCell.xib */ = {isa = PBXFileReference; fileEncoding = 4; lastKnownFileType = file.xib; name = ContactTableViewCell.xib; path = ../ContactTableViewCell.xib; sourceTree = "<group>"; };
		6A04495D1AE1DA940060D933 /* CustomUtility.h */ = {isa = PBXFileReference; fileEncoding = 4; lastKnownFileType = sourcecode.c.h; name = CustomUtility.h; path = ../CustomUtility.h; sourceTree = "<group>"; };
		6A04495E1AE1DA940060D933 /* CustomUtility.m */ = {isa = PBXFileReference; fileEncoding = 4; lastKnownFileType = sourcecode.c.objc; name = CustomUtility.m; path = ../CustomUtility.m; sourceTree = "<group>"; };
		6A04495F1AE1DA940060D933 /* EMContactMainViewController.h */ = {isa = PBXFileReference; fileEncoding = 4; lastKnownFileType = sourcecode.c.h; name = EMContactMainViewController.h; path = ../EMContactMainViewController.h; sourceTree = "<group>"; };
		6A0449601AE1DA940060D933 /* EMContactMainViewController.m */ = {isa = PBXFileReference; fileEncoding = 4; lastKnownFileType = sourcecode.c.objc; name = EMContactMainViewController.m; path = ../EMContactMainViewController.m; sourceTree = "<group>"; };
		6A0449611AE1DA940060D933 /* EMContactSelctViewController.h */ = {isa = PBXFileReference; fileEncoding = 4; lastKnownFileType = sourcecode.c.h; name = EMContactSelctViewController.h; path = ../EMContactSelctViewController.h; sourceTree = "<group>"; };
		6A0449621AE1DA940060D933 /* EMContactSelctViewController.m */ = {isa = PBXFileReference; fileEncoding = 4; lastKnownFileType = sourcecode.c.objc; name = EMContactSelctViewController.m; path = ../EMContactSelctViewController.m; sourceTree = "<group>"; };
		6A0449631AE1DA940060D933 /* HeadPhones.h */ = {isa = PBXFileReference; fileEncoding = 4; lastKnownFileType = sourcecode.c.h; name = HeadPhones.h; path = ../HeadPhones.h; sourceTree = "<group>"; };
		6A0449641AE1DA940060D933 /* HeadPhones.m */ = {isa = PBXFileReference; fileEncoding = 4; lastKnownFileType = sourcecode.c.objc; name = HeadPhones.m; path = ../HeadPhones.m; sourceTree = "<group>"; };
		6A0449651AE1DA940060D933 /* MessageViewController.h */ = {isa = PBXFileReference; fileEncoding = 4; lastKnownFileType = sourcecode.c.h; name = MessageViewController.h; path = ../MessageViewController.h; sourceTree = "<group>"; };
		6A0449661AE1DA940060D933 /* MessageViewController.m */ = {isa = PBXFileReference; fileEncoding = 4; lastKnownFileType = sourcecode.c.objc; name = MessageViewController.m; path = ../MessageViewController.m; sourceTree = "<group>"; };
		6A0449671AE1DA940060D933 /* MessageViewController.xib */ = {isa = PBXFileReference; fileEncoding = 4; lastKnownFileType = file.xib; name = MessageViewController.xib; path = ../MessageViewController.xib; sourceTree = "<group>"; };
		6A0449681AE1DA940060D933 /* ResultsViewController.h */ = {isa = PBXFileReference; fileEncoding = 4; lastKnownFileType = sourcecode.c.h; name = ResultsViewController.h; path = ../ResultsViewController.h; sourceTree = "<group>"; };
		6A0449691AE1DA940060D933 /* ResultsViewController.m */ = {isa = PBXFileReference; fileEncoding = 4; lastKnownFileType = sourcecode.c.objc; name = ResultsViewController.m; path = ../ResultsViewController.m; sourceTree = "<group>"; };
		6A04496A1AE1DA940060D933 /* SettingsTableViewController.h */ = {isa = PBXFileReference; fileEncoding = 4; lastKnownFileType = sourcecode.c.h; name = SettingsTableViewController.h; path = ../SettingsTableViewController.h; sourceTree = "<group>"; };
		6A04496B1AE1DA940060D933 /* SettingsTableViewController.m */ = {isa = PBXFileReference; fileEncoding = 4; lastKnownFileType = sourcecode.c.objc; name = SettingsTableViewController.m; path = ../SettingsTableViewController.m; sourceTree = "<group>"; };
		6A04496C1AE1DA940060D933 /* ViewController.h */ = {isa = PBXFileReference; fileEncoding = 4; lastKnownFileType = sourcecode.c.h; name = ViewController.h; path = ../ViewController.h; sourceTree = "<group>"; };
		6A04496D1AE1DA940060D933 /* ViewController.m */ = {isa = PBXFileReference; fileEncoding = 4; lastKnownFileType = sourcecode.c.objc; name = ViewController.m; path = ../ViewController.m; sourceTree = "<group>"; };
		6A0688AC1AF9A51500EE9456 /* Fabric.framework */ = {isa = PBXFileReference; lastKnownFileType = wrapper.framework; path = Fabric.framework; sourceTree = SOURCE_ROOT; };
		6A0688AD1AF9A51500EE9456 /* Crashlytics.framework */ = {isa = PBXFileReference; lastKnownFileType = wrapper.framework; path = Crashlytics.framework; sourceTree = SOURCE_ROOT; };
		6A43A8461AE1D2E800888E04 /* NewAlertApp.app */ = {isa = PBXFileReference; explicitFileType = wrapper.application; includeInIndex = 0; path = NewAlertApp.app; sourceTree = BUILT_PRODUCTS_DIR; };
		6A43A84A1AE1D2E800888E04 /* Info.plist */ = {isa = PBXFileReference; lastKnownFileType = text.plist.xml; path = Info.plist; sourceTree = "<group>"; };
		6A43A84B1AE1D2E800888E04 /* main.m */ = {isa = PBXFileReference; lastKnownFileType = sourcecode.c.objc; path = main.m; sourceTree = "<group>"; };
		6A43A8541AE1D2E800888E04 /* Base */ = {isa = PBXFileReference; lastKnownFileType = file.storyboard; name = Base; path = Base.lproj/Main.storyboard; sourceTree = "<group>"; };
		6A43A8561AE1D2E800888E04 /* Images.xcassets */ = {isa = PBXFileReference; lastKnownFileType = folder.assetcatalog; path = Images.xcassets; sourceTree = "<group>"; };
		6A43A8591AE1D2E800888E04 /* Base */ = {isa = PBXFileReference; lastKnownFileType = file.xib; name = Base; path = Base.lproj/LaunchScreen.xib; sourceTree = "<group>"; };
		6A43A85F1AE1D2E800888E04 /* NewAlertAppTests.xctest */ = {isa = PBXFileReference; explicitFileType = wrapper.cfbundle; includeInIndex = 0; path = NewAlertAppTests.xctest; sourceTree = BUILT_PRODUCTS_DIR; };
		6A43A8641AE1D2E800888E04 /* Info.plist */ = {isa = PBXFileReference; lastKnownFileType = text.plist.xml; path = Info.plist; sourceTree = "<group>"; };
		6A43A8651AE1D2E800888E04 /* NewAlertAppTests.m */ = {isa = PBXFileReference; lastKnownFileType = sourcecode.c.objc; path = NewAlertAppTests.m; sourceTree = "<group>"; };
		6AB87FB41AEB4BB7004B1B05 /* CoreLocation.framework */ = {isa = PBXFileReference; lastKnownFileType = wrapper.framework; name = CoreLocation.framework; path = System/Library/Frameworks/CoreLocation.framework; sourceTree = SDKROOT; };
		6AB87FB61AEB4BBF004B1B05 /* AddressBook.framework */ = {isa = PBXFileReference; lastKnownFileType = wrapper.framework; name = AddressBook.framework; path = System/Library/Frameworks/AddressBook.framework; sourceTree = SDKROOT; };
/* End PBXFileReference section */

/* Begin PBXFrameworksBuildPhase section */
		6A43A8431AE1D2E800888E04 /* Frameworks */ = {
			isa = PBXFrameworksBuildPhase;
			buildActionMask = 2147483647;
			files = (
				6AB87FB71AEB4BBF004B1B05 /* AddressBook.framework in Frameworks */,
				6AB87FB51AEB4BB7004B1B05 /* CoreLocation.framework in Frameworks */,
				6A0688AF1AF9A51500EE9456 /* Crashlytics.framework in Frameworks */,
				6A0688AE1AF9A51500EE9456 /* Fabric.framework in Frameworks */,
			);
			runOnlyForDeploymentPostprocessing = 0;
		};
		6A43A85C1AE1D2E800888E04 /* Frameworks */ = {
			isa = PBXFrameworksBuildPhase;
			buildActionMask = 2147483647;
			files = (
			);
			runOnlyForDeploymentPostprocessing = 0;
		};
/* End PBXFrameworksBuildPhase section */

/* Begin PBXGroup section */
		6A43A83D1AE1D2E800888E04 = {
			isa = PBXGroup;
			children = (
				6AB87FB61AEB4BBF004B1B05 /* AddressBook.framework */,
				6AB87FB41AEB4BB7004B1B05 /* CoreLocation.framework */,
				6A43A8481AE1D2E800888E04 /* NewAlertApp */,
				6A43A8621AE1D2E800888E04 /* NewAlertAppTests */,
				6A43A8471AE1D2E800888E04 /* Products */,
			);
			sourceTree = "<group>";
		};
		6A43A8471AE1D2E800888E04 /* Products */ = {
			isa = PBXGroup;
			children = (
				6A43A8461AE1D2E800888E04 /* NewAlertApp.app */,
				6A43A85F1AE1D2E800888E04 /* NewAlertAppTests.xctest */,
			);
			name = Products;
			sourceTree = "<group>";
		};
		6A43A8481AE1D2E800888E04 /* NewAlertApp */ = {
			isa = PBXGroup;
			children = (
				6A0688AC1AF9A51500EE9456 /* Fabric.framework */,
				6A0688AD1AF9A51500EE9456 /* Crashlytics.framework */,
				6AB31EDB1AE1F6CA00D27BDF /* Util */,
				6AB31ED91AE1F6AD00D27BDF /* Message */,
				6AB31ED81AE1F69300D27BDF /* TableCell */,
				6AB31ED71AE1F65900D27BDF /* ContactTable */,
				6A0449591AE1DA940060D933 /* ContactDetailViewController.xib */,
				6A0449681AE1DA940060D933 /* ResultsViewController.h */,
				6A0449691AE1DA940060D933 /* ResultsViewController.m */,
				6A04496C1AE1DA940060D933 /* ViewController.h */,
				6A04496D1AE1DA940060D933 /* ViewController.m */,
				6A04494D1AE1D9FC0060D933 /* AppDelegate.h */,
				6A04494E1AE1DA030060D933 /* AppDelegate.m */,
				6A43A8531AE1D2E800888E04 /* Main.storyboard */,
				6A43A8561AE1D2E800888E04 /* Images.xcassets */,
				6A43A8581AE1D2E800888E04 /* LaunchScreen.xib */,
				6A43A8491AE1D2E800888E04 /* Supporting Files */,
			);
			path = NewAlertApp;
			sourceTree = "<group>";
		};
		6A43A8491AE1D2E800888E04 /* Supporting Files */ = {
			isa = PBXGroup;
			children = (
				6A43A84A1AE1D2E800888E04 /* Info.plist */,
				6A43A84B1AE1D2E800888E04 /* main.m */,
			);
			name = "Supporting Files";
			sourceTree = "<group>";
		};
		6A43A8621AE1D2E800888E04 /* NewAlertAppTests */ = {
			isa = PBXGroup;
			children = (
				6A43A8651AE1D2E800888E04 /* NewAlertAppTests.m */,
				6A43A8631AE1D2E800888E04 /* Supporting Files */,
			);
			path = NewAlertAppTests;
			sourceTree = "<group>";
		};
		6A43A8631AE1D2E800888E04 /* Supporting Files */ = {
			isa = PBXGroup;
			children = (
				6A43A8641AE1D2E800888E04 /* Info.plist */,
			);
			name = "Supporting Files";
			sourceTree = "<group>";
		};
		6AB31ED71AE1F65900D27BDF /* ContactTable */ = {
			isa = PBXGroup;
			children = (
				6A04496A1AE1DA940060D933 /* SettingsTableViewController.h */,
				6A04496B1AE1DA940060D933 /* SettingsTableViewController.m */,
				6A04495F1AE1DA940060D933 /* EMContactMainViewController.h */,
				6A0449601AE1DA940060D933 /* EMContactMainViewController.m */,
				6A0449611AE1DA940060D933 /* EMContactSelctViewController.h */,
				6A0449521AE1DA610060D933 /* ContactBaseTableViewController.h */,
				6A0449501AE1DA570060D933 /* ContactBaseTableViewController.m */,
				6A0449621AE1DA940060D933 /* EMContactSelctViewController.m */,
				6A0449561AE1DA880060D933 /* ContactDetailViewController.h */,
				6A0449571AE1DA880060D933 /* ContactDetailViewController.m */,
			);
			name = ContactTable;
			sourceTree = "<group>";
		};
		6AB31ED81AE1F69300D27BDF /* TableCell */ = {
			isa = PBXGroup;
			children = (
				6A04495A1AE1DA940060D933 /* ContactTableViewCell.h */,
				6A04495B1AE1DA940060D933 /* ContactTableViewCell.m */,
				6A04495C1AE1DA940060D933 /* ContactTableViewCell.xib */,
			);
			name = TableCell;
			sourceTree = "<group>";
		};
		6AB31ED91AE1F6AD00D27BDF /* Message */ = {
			isa = PBXGroup;
			children = (
				6A0449651AE1DA940060D933 /* MessageViewController.h */,
				6A0449661AE1DA940060D933 /* MessageViewController.m */,
				6A0449671AE1DA940060D933 /* MessageViewController.xib */,
			);
			name = Message;
			sourceTree = "<group>";
		};
		6AB31EDB1AE1F6CA00D27BDF /* Util */ = {
			isa = PBXGroup;
			children = (
				6A04495D1AE1DA940060D933 /* CustomUtility.h */,
				6A04495E1AE1DA940060D933 /* CustomUtility.m */,
				6A0449631AE1DA940060D933 /* HeadPhones.h */,
				6A0449531AE1DA750060D933 /* ContactPerson.h */,
				6A0449541AE1DA750060D933 /* ContactPerson.m */,
				6A0449641AE1DA940060D933 /* HeadPhones.m */,
			);
			name = Util;
			sourceTree = "<group>";
		};
/* End PBXGroup section */

/* Begin PBXNativeTarget section */
		6A43A8451AE1D2E800888E04 /* NewAlertApp */ = {
			isa = PBXNativeTarget;
			buildConfigurationList = 6A43A8691AE1D2E800888E04 /* Build configuration list for PBXNativeTarget "NewAlertApp" */;
			buildPhases = (
				6A43A8421AE1D2E800888E04 /* Sources */,
				6A43A8431AE1D2E800888E04 /* Frameworks */,
				6A43A8441AE1D2E800888E04 /* Resources */,
				6A0688AB1AF9A4D100EE9456 /* ShellScript */,
			);
			buildRules = (
			);
			dependencies = (
			);
			name = NewAlertApp;
			productName = NewAlertApp;
			productReference = 6A43A8461AE1D2E800888E04 /* NewAlertApp.app */;
			productType = "com.apple.product-type.application";
		};
		6A43A85E1AE1D2E800888E04 /* NewAlertAppTests */ = {
			isa = PBXNativeTarget;
			buildConfigurationList = 6A43A86C1AE1D2E800888E04 /* Build configuration list for PBXNativeTarget "NewAlertAppTests" */;
			buildPhases = (
				6A43A85B1AE1D2E800888E04 /* Sources */,
				6A43A85C1AE1D2E800888E04 /* Frameworks */,
				6A43A85D1AE1D2E800888E04 /* Resources */,
			);
			buildRules = (
			);
			dependencies = (
				6A43A8611AE1D2E800888E04 /* PBXTargetDependency */,
			);
			name = NewAlertAppTests;
			productName = NewAlertAppTests;
			productReference = 6A43A85F1AE1D2E800888E04 /* NewAlertAppTests.xctest */;
			productType = "com.apple.product-type.bundle.unit-test";
		};
/* End PBXNativeTarget section */

/* Begin PBXProject section */
		6A43A83E1AE1D2E800888E04 /* Project object */ = {
			isa = PBXProject;
			attributes = {
				LastUpgradeCheck = 0630;
				ORGANIZATIONNAME = iosDev;
				TargetAttributes = {
					6A43A8451AE1D2E800888E04 = {
						CreatedOnToolsVersion = 6.3;
					};
					6A43A85E1AE1D2E800888E04 = {
						CreatedOnToolsVersion = 6.3;
						TestTargetID = 6A43A8451AE1D2E800888E04;
					};
				};
			};
			buildConfigurationList = 6A43A8411AE1D2E800888E04 /* Build configuration list for PBXProject "NewAlertApp" */;
			compatibilityVersion = "Xcode 3.2";
			developmentRegion = English;
			hasScannedForEncodings = 0;
			knownRegions = (
				en,
				Base,
			);
			mainGroup = 6A43A83D1AE1D2E800888E04;
			productRefGroup = 6A43A8471AE1D2E800888E04 /* Products */;
			projectDirPath = "";
			projectRoot = "";
			targets = (
				6A43A8451AE1D2E800888E04 /* NewAlertApp */,
				6A43A85E1AE1D2E800888E04 /* NewAlertAppTests */,
			);
		};
/* End PBXProject section */

/* Begin PBXResourcesBuildPhase section */
		6A43A8441AE1D2E800888E04 /* Resources */ = {
			isa = PBXResourcesBuildPhase;
			buildActionMask = 2147483647;
			files = (
				6A43A8551AE1D2E800888E04 /* Main.storyboard in Resources */,
				6A43A85A1AE1D2E800888E04 /* LaunchScreen.xib in Resources */,
				6A0449761AE1DA940060D933 /* MessageViewController.xib in Resources */,
				6A04496E1AE1DA940060D933 /* ContactDetailViewController.xib in Resources */,
				6A0449701AE1DA940060D933 /* ContactTableViewCell.xib in Resources */,
				6A43A8571AE1D2E800888E04 /* Images.xcassets in Resources */,
			);
			runOnlyForDeploymentPostprocessing = 0;
		};
		6A43A85D1AE1D2E800888E04 /* Resources */ = {
			isa = PBXResourcesBuildPhase;
			buildActionMask = 2147483647;
			files = (
			);
			runOnlyForDeploymentPostprocessing = 0;
		};
/* End PBXResourcesBuildPhase section */

/* Begin PBXShellScriptBuildPhase section */
		6A0688AB1AF9A4D100EE9456 /* ShellScript */ = {
			isa = PBXShellScriptBuildPhase;
			buildActionMask = 2147483647;
			files = (
			);
			inputPaths = (
			);
			outputPaths = (
			);
			runOnlyForDeploymentPostprocessing = 0;
			shellPath = /bin/sh;
			shellScript = "./Fabric.framework/run 9f350d09573bd5673b638f85f0ab71a80d9d58af 611cf7e880a6a9e0f0c53c7ae76eed4eac1bef955f7d9d69ecdb21842964f368";
		};
/* End PBXShellScriptBuildPhase section */

/* Begin PBXSourcesBuildPhase section */
		6A43A8421AE1D2E800888E04 /* Sources */ = {
			isa = PBXSourcesBuildPhase;
			buildActionMask = 2147483647;
			files = (
				6A0449791AE1DA940060D933 /* ViewController.m in Sources */,
				6A0449741AE1DA940060D933 /* HeadPhones.m in Sources */,
				6A0449751AE1DA940060D933 /* MessageViewController.m in Sources */,
				6A0449511AE1DA570060D933 /* ContactBaseTableViewController.m in Sources */,
				6A0449771AE1DA940060D933 /* ResultsViewController.m in Sources */,
				6A0449551AE1DA750060D933 /* ContactPerson.m in Sources */,
				6A0449721AE1DA940060D933 /* EMContactMainViewController.m in Sources */,
				6A04496F1AE1DA940060D933 /* ContactTableViewCell.m in Sources */,
				6A04494F1AE1DA030060D933 /* AppDelegate.m in Sources */,
				6A0449781AE1DA940060D933 /* SettingsTableViewController.m in Sources */,
				6A43A84C1AE1D2E800888E04 /* main.m in Sources */,
				6A0449731AE1DA940060D933 /* EMContactSelctViewController.m in Sources */,
				6A0449711AE1DA940060D933 /* CustomUtility.m in Sources */,
				6A0449581AE1DA880060D933 /* ContactDetailViewController.m in Sources */,
			);
			runOnlyForDeploymentPostprocessing = 0;
		};
		6A43A85B1AE1D2E800888E04 /* Sources */ = {
			isa = PBXSourcesBuildPhase;
			buildActionMask = 2147483647;
			files = (
				6A43A8661AE1D2E800888E04 /* NewAlertAppTests.m in Sources */,
			);
			runOnlyForDeploymentPostprocessing = 0;
		};
/* End PBXSourcesBuildPhase section */

/* Begin PBXTargetDependency section */
		6A43A8611AE1D2E800888E04 /* PBXTargetDependency */ = {
			isa = PBXTargetDependency;
			target = 6A43A8451AE1D2E800888E04 /* NewAlertApp */;
			targetProxy = 6A43A8601AE1D2E800888E04 /* PBXContainerItemProxy */;
		};
/* End PBXTargetDependency section */

/* Begin PBXVariantGroup section */
		6A43A8531AE1D2E800888E04 /* Main.storyboard */ = {
			isa = PBXVariantGroup;
			children = (
				6A43A8541AE1D2E800888E04 /* Base */,
			);
			name = Main.storyboard;
			sourceTree = "<group>";
		};
		6A43A8581AE1D2E800888E04 /* LaunchScreen.xib */ = {
			isa = PBXVariantGroup;
			children = (
				6A43A8591AE1D2E800888E04 /* Base */,
			);
			name = LaunchScreen.xib;
			sourceTree = "<group>";
		};
/* End PBXVariantGroup section */

/* Begin XCBuildConfiguration section */
		6A43A8671AE1D2E800888E04 /* Debug */ = {
			isa = XCBuildConfiguration;
			buildSettings = {
				ALWAYS_SEARCH_USER_PATHS = NO;
				CLANG_CXX_LANGUAGE_STANDARD = "gnu++0x";
				CLANG_CXX_LIBRARY = "libc++";
				CLANG_ENABLE_MODULES = YES;
				CLANG_ENABLE_OBJC_ARC = YES;
				CLANG_WARN_BOOL_CONVERSION = YES;
				CLANG_WARN_CONSTANT_CONVERSION = YES;
				CLANG_WARN_DIRECT_OBJC_ISA_USAGE = YES_ERROR;
				CLANG_WARN_EMPTY_BODY = YES;
				CLANG_WARN_ENUM_CONVERSION = YES;
				CLANG_WARN_INT_CONVERSION = YES;
				CLANG_WARN_OBJC_ROOT_CLASS = YES_ERROR;
				CLANG_WARN_UNREACHABLE_CODE = YES;
				CLANG_WARN__DUPLICATE_METHOD_MATCH = YES;
				"CODE_SIGN_IDENTITY[sdk=iphoneos*]" = "iPhone Developer";
				COPY_PHASE_STRIP = NO;
				DEBUG_INFORMATION_FORMAT = "dwarf-with-dsym";
				ENABLE_STRICT_OBJC_MSGSEND = YES;
				GCC_C_LANGUAGE_STANDARD = gnu99;
				GCC_DYNAMIC_NO_PIC = NO;
				GCC_NO_COMMON_BLOCKS = YES;
				GCC_OPTIMIZATION_LEVEL = 0;
				GCC_PREPROCESSOR_DEFINITIONS = (
					"DEBUG=1",
					"$(inherited)",
				);
				GCC_SYMBOLS_PRIVATE_EXTERN = NO;
				GCC_WARN_64_TO_32_BIT_CONVERSION = YES;
				GCC_WARN_ABOUT_RETURN_TYPE = YES_ERROR;
				GCC_WARN_UNDECLARED_SELECTOR = YES;
				GCC_WARN_UNINITIALIZED_AUTOS = YES_AGGRESSIVE;
				GCC_WARN_UNUSED_FUNCTION = YES;
				GCC_WARN_UNUSED_VARIABLE = YES;
				IPHONEOS_DEPLOYMENT_TARGET = 8.3;
				MTL_ENABLE_DEBUG_INFO = YES;
				ONLY_ACTIVE_ARCH = YES;
				SDKROOT = iphoneos;
			};
			name = Debug;
		};
		6A43A8681AE1D2E800888E04 /* Release */ = {
			isa = XCBuildConfiguration;
			buildSettings = {
				ALWAYS_SEARCH_USER_PATHS = NO;
				CLANG_CXX_LANGUAGE_STANDARD = "gnu++0x";
				CLANG_CXX_LIBRARY = "libc++";
				CLANG_ENABLE_MODULES = YES;
				CLANG_ENABLE_OBJC_ARC = YES;
				CLANG_WARN_BOOL_CONVERSION = YES;
				CLANG_WARN_CONSTANT_CONVERSION = YES;
				CLANG_WARN_DIRECT_OBJC_ISA_USAGE = YES_ERROR;
				CLANG_WARN_EMPTY_BODY = YES;
				CLANG_WARN_ENUM_CONVERSION = YES;
				CLANG_WARN_INT_CONVERSION = YES;
				CLANG_WARN_OBJC_ROOT_CLASS = YES_ERROR;
				CLANG_WARN_UNREACHABLE_CODE = YES;
				CLANG_WARN__DUPLICATE_METHOD_MATCH = YES;
				"CODE_SIGN_IDENTITY[sdk=iphoneos*]" = "iPhone Developer";
				COPY_PHASE_STRIP = NO;
				DEBUG_INFORMATION_FORMAT = "dwarf-with-dsym";
				ENABLE_NS_ASSERTIONS = NO;
				ENABLE_STRICT_OBJC_MSGSEND = YES;
				GCC_C_LANGUAGE_STANDARD = gnu99;
				GCC_NO_COMMON_BLOCKS = YES;
				GCC_WARN_64_TO_32_BIT_CONVERSION = YES;
				GCC_WARN_ABOUT_RETURN_TYPE = YES_ERROR;
				GCC_WARN_UNDECLARED_SELECTOR = YES;
				GCC_WARN_UNINITIALIZED_AUTOS = YES_AGGRESSIVE;
				GCC_WARN_UNUSED_FUNCTION = YES;
				GCC_WARN_UNUSED_VARIABLE = YES;
				IPHONEOS_DEPLOYMENT_TARGET = 8.3;
				MTL_ENABLE_DEBUG_INFO = NO;
				SDKROOT = iphoneos;
				VALIDATE_PRODUCT = YES;
			};
			name = Release;
		};
		6A43A86A1AE1D2E800888E04 /* Debug */ = {
			isa = XCBuildConfiguration;
			buildSettings = {
				ASSETCATALOG_COMPILER_APPICON_NAME = AppIcon;
				FRAMEWORK_SEARCH_PATHS = (
					"$(inherited)",
					"$(PROJECT_DIR)",
				);
				INFOPLIST_FILE = NewAlertApp/Info.plist;
				LD_RUNPATH_SEARCH_PATHS = "$(inherited) @executable_path/Frameworks";
				PRODUCT_NAME = "$(TARGET_NAME)";
			};
			name = Debug;
		};
		6A43A86B1AE1D2E800888E04 /* Release */ = {
			isa = XCBuildConfiguration;
			buildSettings = {
				ASSETCATALOG_COMPILER_APPICON_NAME = AppIcon;
				FRAMEWORK_SEARCH_PATHS = (
					"$(inherited)",
					"$(PROJECT_DIR)",
				);
				INFOPLIST_FILE = NewAlertApp/Info.plist;
				LD_RUNPATH_SEARCH_PATHS = "$(inherited) @executable_path/Frameworks";
				PRODUCT_NAME = "$(TARGET_NAME)";
			};
			name = Release;
		};
		6A43A86D1AE1D2E800888E04 /* Debug */ = {
			isa = XCBuildConfiguration;
			buildSettings = {
				BUNDLE_LOADER = "$(TEST_HOST)";
				FRAMEWORK_SEARCH_PATHS = (
					"$(SDKROOT)/Developer/Library/Frameworks",
					"$(inherited)",
				);
				GCC_PREPROCESSOR_DEFINITIONS = (
					"DEBUG=1",
					"$(inherited)",
				);
				INFOPLIST_FILE = NewAlertAppTests/Info.plist;
				LD_RUNPATH_SEARCH_PATHS = "$(inherited) @executable_path/Frameworks @loader_path/Frameworks";
				PRODUCT_NAME = "$(TARGET_NAME)";
				TEST_HOST = "$(BUILT_PRODUCTS_DIR)/NewAlertApp.app/NewAlertApp";
			};
			name = Debug;
		};
		6A43A86E1AE1D2E800888E04 /* Release */ = {
			isa = XCBuildConfiguration;
			buildSettings = {
				BUNDLE_LOADER = "$(TEST_HOST)";
				FRAMEWORK_SEARCH_PATHS = (
					"$(SDKROOT)/Developer/Library/Frameworks",
					"$(inherited)",
				);
				INFOPLIST_FILE = NewAlertAppTests/Info.plist;
				LD_RUNPATH_SEARCH_PATHS = "$(inherited) @executable_path/Frameworks @loader_path/Frameworks";
				PRODUCT_NAME = "$(TARGET_NAME)";
				TEST_HOST = "$(BUILT_PRODUCTS_DIR)/NewAlertApp.app/NewAlertApp";
			};
			name = Release;
		};
/* End XCBuildConfiguration section */

/* Begin XCConfigurationList section */
		6A43A8411AE1D2E800888E04 /* Build configuration list for PBXProject "NewAlertApp" */ = {
			isa = XCConfigurationList;
			buildConfigurations = (
				6A43A8671AE1D2E800888E04 /* Debug */,
				6A43A8681AE1D2E800888E04 /* Release */,
			);
			defaultConfigurationIsVisible = 0;
			defaultConfigurationName = Release;
		};
		6A43A8691AE1D2E800888E04 /* Build configuration list for PBXNativeTarget "NewAlertApp" */ = {
			isa = XCConfigurationList;
			buildConfigurations = (
				6A43A86A1AE1D2E800888E04 /* Debug */,
				6A43A86B1AE1D2E800888E04 /* Release */,
			);
			defaultConfigurationIsVisible = 0;
			defaultConfigurationName = Release;
		};
		6A43A86C1AE1D2E800888E04 /* Build configuration list for PBXNativeTarget "NewAlertAppTests" */ = {
			isa = XCConfigurationList;
			buildConfigurations = (
				6A43A86D1AE1D2E800888E04 /* Debug */,
				6A43A86E1AE1D2E800888E04 /* Release */,
			);
			defaultConfigurationIsVisible = 0;
			defaultConfigurationName = Release;
		};
/* End XCConfigurationList section */
	};
	rootObject = 6A43A83E1AE1D2E800888E04 /* Project object */;
}
